
Microsoft Visual Studio Solution File, Format Version 12.00
# Visual Studio Version 17
VisualStudioVersion = 17.5.33530.505
MinimumVisualStudioVersion = 10.0.40219.1
Project("{9A19103F-16F7-4668-BE54-9A1E7A4F7556}") = "Project", "Project\Project.csproj", "{3C644968-E67A-444B-B23B-C48D18DE1D70}"
EndProject
Project("{FAE04EC0-301F-11D3-BF4B-00C04F79EFBC}") = "Core", "Core\Core.csproj", "{79A50A60-F2DC-4345-B8C4-E9CE8E7BCB6D}"
EndProject
Project("{FAE04EC0-301F-11D3-BF4B-00C04F79EFBC}") = "DataLayer", "DataLayer\DataLayer.csproj", "{8F93B713-C022-4092-9083-173085E470A6}"
EndProject
Global
	GlobalSection(SolutionConfigurationPlatforms) = preSolution
		Debug|Any CPU = Debug|Any CPU
		Release|Any CPU = Release|Any CPU
	EndGlobalSection
	GlobalSection(ProjectConfigurationPlatforms) = postSolution
		{3C644968-E67A-444B-B23B-C48D18DE1D70}.Debug|Any CPU.ActiveCfg = Debug|Any CPU
		{3C644968-E67A-444B-B23B-C48D18DE1D70}.Debug|Any CPU.Build.0 = Debug|Any CPU
		{3C644968-E67A-444B-B23B-C48D18DE1D70}.Release|Any CPU.ActiveCfg = Release|Any CPU
		{3C644968-E67A-444B-B23B-C48D18DE1D70}.Release|Any CPU.Build.0 = Release|Any CPU
		{79A50A60-F2DC-4345-B8C4-E9CE8E7BCB6D}.Debug|Any CPU.ActiveCfg = Debug|Any CPU
		{79A50A60-F2DC-4345-B8C4-E9CE8E7BCB6D}.Debug|Any CPU.Build.0 = Debug|Any CPU
		{79A50A60-F2DC-4345-B8C4-E9CE8E7BCB6D}.Release|Any CPU.ActiveCfg = Release|Any CPU
		{79A50A60-F2DC-4345-B8C4-E9CE8E7BCB6D}.Release|Any CPU.Build.0 = Release|Any CPU
		{8F93B713-C022-4092-9083-173085E470A6}.Debug|Any CPU.ActiveCfg = Debug|Any CPU
		{8F93B713-C022-4092-9083-173085E470A6}.Debug|Any CPU.Build.0 = Debug|Any CPU
		{8F93B713-C022-4092-9083-173085E470A6}.Release|Any CPU.ActiveCfg = Release|Any CPU
		{8F93B713-C022-4092-9083-173085E470A6}.Release|Any CPU.Build.0 = Release|Any CPU
	EndGlobalSection
	GlobalSection(SolutionProperties) = preSolution
		HideSolutionNode = FALSE
	EndGlobalSection
	GlobalSection(ExtensibilityGlobals) = postSolution
		SolutionGuid = {A0E0138A-0FCD-4AB8-9159-6D7CB84D5B8D}
	EndGlobalSection
EndGlobal
